
Microsoft Visual Studio Solution File, Format Version 12.00
# Visual Studio 15
Project("{FAE04EC0-301F-11D3-BF4B-00C04F79EFBC}") = "Assembly-CSharp", "Assembly-CSharp.csproj", "{03DBDB3B-D65F-8F8C-F0AD-901F5246E433}"
EndProject
Project("{FAE04EC0-301F-11D3-BF4B-00C04F79EFBC}") = "Assembly-CSharp", "Assembly-CSharp.Player.csproj", "{8A69C09D-7924-B639-039B-116F345BB4C7}"
EndProject
Global
	GlobalSection(SolutionConfigurationPlatforms) = preSolution
		Debug|Any CPU = Debug|Any CPU
		Release|Any CPU = Release|Any CPU
	EndGlobalSection
	GlobalSection(ProjectConfigurationPlatforms) = postSolution
		{03DBDB3B-D65F-8F8C-F0AD-901F5246E433}.Debug|Any CPU.ActiveCfg = Debug|Any CPU
		{03DBDB3B-D65F-8F8C-F0AD-901F5246E433}.Debug|Any CPU.Build.0 = Debug|Any CPU
		{03DBDB3B-D65F-8F8C-F0AD-901F5246E433}.Release|Any CPU.ActiveCfg = Release|Any CPU
		{03DBDB3B-D65F-8F8C-F0AD-901F5246E433}.Release|Any CPU.Build.0 = Release|Any CPU
		{8A69C09D-7924-B639-039B-116F345BB4C7}.Debug|Any CPU.ActiveCfg = Debug|Any CPU
		{8A69C09D-7924-B639-039B-116F345BB4C7}.Debug|Any CPU.Build.0 = Debug|Any CPU
		{8A69C09D-7924-B639-039B-116F345BB4C7}.Release|Any CPU.ActiveCfg = Release|Any CPU
		{8A69C09D-7924-B639-039B-116F345BB4C7}.Release|Any CPU.Build.0 = Release|Any CPU
	EndGlobalSection
	GlobalSection(SolutionProperties) = preSolution
		HideSolutionNode = FALSE
	EndGlobalSection
EndGlobal
